
Microsoft Visual Studio Solution File, Format Version 12.00
# Visual Studio Version 16
VisualStudioVersion = 16.0.30804.86
MinimumVisualStudioVersion = 10.0.40219.1
Project("{FAE04EC0-301F-11D3-BF4B-00C04F79EFBC}") = "Todo-App", "Todo-App\Todo-App.csproj", "{C0454E3A-C74D-400C-992F-FC7B8E43A8FC}"
EndProject
Global
	GlobalSection(SolutionConfigurationPlatforms) = preSolution
		Debug|Any CPU = Debug|Any CPU
		Release|Any CPU = Release|Any CPU
	EndGlobalSection
	GlobalSection(ProjectConfigurationPlatforms) = postSolution
		{C0454E3A-C74D-400C-992F-FC7B8E43A8FC}.Debug|Any CPU.ActiveCfg = Debug|Any CPU
		{C0454E3A-C74D-400C-992F-FC7B8E43A8FC}.Debug|Any CPU.Build.0 = Debug|Any CPU
		{C0454E3A-C74D-400C-992F-FC7B8E43A8FC}.Release|Any CPU.ActiveCfg = Release|Any CPU
		{C0454E3A-C74D-400C-992F-FC7B8E43A8FC}.Release|Any CPU.Build.0 = Release|Any CPU
	EndGlobalSection
	GlobalSection(SolutionProperties) = preSolution
		HideSolutionNode = FALSE
	EndGlobalSection
	GlobalSection(ExtensibilityGlobals) = postSolution
		SolutionGuid = {FBA28A0F-2F5E-4D1E-A684-EF40D3A7DD0D}
	EndGlobalSection
EndGlobal
